Microsoft Visual Studio Solution File, Format Version 11.00
# Visual Studio 2008

Project("{38BFDBC9-DEA4-B19C-383B-FB8EBDD9E3F0}") = "_TestProject", "Assembly-CSharp.csproj", "{E449BC26-7875-8E83-3C47-0BA7425DDE15}"
EndProject
Global
	GlobalSection(SolutionConfigurationPlatforms) = preSolution
		Debug|Any CPU = Debug|Any CPU
		Release|Any CPU = Release|Any CPU
	EndGlobalSection
	GlobalSection(ProjectConfigurationPlatforms) = postSolution
		{E449BC26-7875-8E83-3C47-0BA7425DDE15}.Debug|Any CPU.ActiveCfg = Debug|Any CPU
		{E449BC26-7875-8E83-3C47-0BA7425DDE15}.Debug|Any CPU.Build.0 = Debug|Any CPU
		{E449BC26-7875-8E83-3C47-0BA7425DDE15}.Release|Any CPU.ActiveCfg = Release|Any CPU
		{E449BC26-7875-8E83-3C47-0BA7425DDE15}.Release|Any CPU.Build.0 = Release|Any CPU
	EndGlobalSection
	GlobalSection(SolutionProperties) = preSolution
		HideSolutionNode = FALSE
	EndGlobalSection
	GlobalSection(MonoDevelopProperties) = preSolution
		StartupItem = Assembly-CSharp.csproj
	EndGlobalSection
EndGlobal
