Microsoft Visual Studio Solution File, Format Version 11.00
# Visual Studio 2008

Project("{3CDF967E-855B-545F-9BAA-070892CA6F9B}") = "_puzzle_20160714", "Assembly-CSharp.csproj", "{2C42661F-24E0-8A5E-C68B-91BBD7E82B29}"
EndProject
Global
	GlobalSection(SolutionConfigurationPlatforms) = preSolution
		Debug|Any CPU = Debug|Any CPU
		Release|Any CPU = Release|Any CPU
	EndGlobalSection
	GlobalSection(ProjectConfigurationPlatforms) = postSolution
		{2C42661F-24E0-8A5E-C68B-91BBD7E82B29}.Debug|Any CPU.ActiveCfg = Debug|Any CPU
		{2C42661F-24E0-8A5E-C68B-91BBD7E82B29}.Debug|Any CPU.Build.0 = Debug|Any CPU
		{2C42661F-24E0-8A5E-C68B-91BBD7E82B29}.Release|Any CPU.ActiveCfg = Release|Any CPU
		{2C42661F-24E0-8A5E-C68B-91BBD7E82B29}.Release|Any CPU.Build.0 = Release|Any CPU
	EndGlobalSection
	GlobalSection(SolutionProperties) = preSolution
		HideSolutionNode = FALSE
	EndGlobalSection
	GlobalSection(MonoDevelopProperties) = preSolution
		StartupItem = Assembly-CSharp.csproj
	EndGlobalSection
EndGlobal
